<?xml version="1.0" encoding="utf-8"?>
<Project ToolsVersion="16.0" xmlns="http://schemas.microsoft.com/developer/msbuild/2003">
  <ItemGroup>
    <ClCompile Include="D:\vulkan\VulkanEngine\src\main.cpp">
      <Filter>Source Files</Filter>
    </ClCompile>
    <ClCompile Include="D:\vulkan\VulkanEngine\src\engine.cpp">
      <Filter>Source Files</Filter>
    </ClCompile>
    <ClCompile Include="D:\vulkan\VulkanEngine\src\viewport.cpp">
      <Filter>Source Files</Filter>
    </ClCompile>
    <ClCompile Include="D:\vulkan\VulkanEngine\src\render.cpp">
      <Filter>Source Files</Filter>
    </ClCompile>
  </ItemGroup>
  <ItemGroup>
    <ClInclude Include="D:\vulkan\VulkanEngine\src\engine.h">
      <Filter>Header Files</Filter>
    </ClInclude>
    <ClInclude Include="D:\vulkan\VulkanEngine\src\viewport.h">
      <Filter>Header Files</Filter>
    </ClInclude>
    <ClInclude Include="D:\vulkan\VulkanEngine\src\render.h">
      <Filter>Header Files</Filter>
    </ClInclude>
    <ClInclude Include="D:\vulkan\VulkanEngine\src\dispatch.h">
      <Filter>Header Files</Filter>
    </ClInclude>
  </ItemGroup>
  <ItemGroup>
    <CustomBuild Include="D:\vulkan\VulkanEngine\src\CMakeLists.txt" />
  </ItemGroup>
  <ItemGroup>
    <Filter Include="Header Files">
      <UniqueIdentifier>{C888CC5F-4EB9-30CC-BC99-22CB1405F3F5}</UniqueIdentifier>
    </Filter>
    <Filter Include="Source Files">
      <UniqueIdentifier>{CA97B08B-63AD-3802-B291-DF5E5B0F5E22}</UniqueIdentifier>
    </Filter>
  </ItemGroup>
  <ItemGroup>
    <Text Include="D:\vulkan\VulkanEngine\src\shaders\vert.spv" />
    <Text Include="D:\vulkan\VulkanEngine\src\shaders\frag.spv" />
  </ItemGroup>
</Project>