<?xml version="1.0" encoding="utf-8"?>
<Project ToolsVersion="16.0" xmlns="http://schemas.microsoft.com/developer/msbuild/2003">
  <ItemGroup>
    <CustomBuild Include="D:\vulkan\VulkanEngine\build_win64\CMakeFiles\9d8b3ab571fb37c96d40b45b4fbde103\generate.stamp.rule">
      <Filter>CMake Rules</Filter>
    </CustomBuild>
  </ItemGroup>
  <ItemGroup>
    <Filter Include="CMake Rules">
      <UniqueIdentifier>{7CCF1134-E2A1-3B95-862F-6C3AA3C21682}</UniqueIdentifier>
    </Filter>
  </ItemGroup>
</Project>
